
Microsoft Visual Studio Solution File, Format Version 12.00
# Visual Studio Version 17
VisualStudioVersion = 17.7.34024.191
MinimumVisualStudioVersion = 10.0.40219.1
Project("{FAE04EC0-301F-11D3-BF4B-00C04F79EFBC}") = "Xacte.NETF.Data", "Xacte.NETF.Data\Xacte.NETF.Data.csproj", "{5DB15471-F33B-4897-A79A-7FD6359544A8}"
EndProject
Project("{FAE04EC0-301F-11D3-BF4B-00C04F79EFBC}") = "Xacte.Services", "Xacte.Services\Xacte.Services.csproj", "{ED139CD0-8A93-4568-8B52-BB0FA2F378BE}"
EndProject
Project("{FAE04EC0-301F-11D3-BF4B-00C04F79EFBC}") = "Xacte.NETC.Data", "Xacte.NETC.Data\Xacte.NETC.Data.csproj", "{D296A057-C45C-4C04-886C-3BAD3C16BFCE}"
EndProject
Project("{2150E333-8FDC-42A3-9474-1A3956D46DE8}") = "Data", "Data", "{AB217965-CD15-46CB-8E68-DFE2C84FD1AC}"
EndProject
Project("{2150E333-8FDC-42A3-9474-1A3956D46DE8}") = "Services", "Services", "{653A4135-5A6D-4545-9B47-03AD2CDF1BB8}"
EndProject
Project("{2150E333-8FDC-42A3-9474-1A3956D46DE8}") = "Web", "Web", "{555754EA-6EDB-40D7-9E86-CA3DBF879311}"
EndProject
Project("{FAE04EC0-301F-11D3-BF4B-00C04F79EFBC}") = "Xacte.Web.NETF", "Xacte.Web.NETF\Xacte.Web.NETF.csproj", "{80074E2B-8CF7-4300-8D39-D2787AB7D40D}"
EndProject
Project("{FAE04EC0-301F-11D3-BF4B-00C04F79EFBC}") = "Xacte.Web.Core", "Xacte.Web.Core\Xacte.Web.Core.csproj", "{76791AA7-357A-484C-9E0A-8158DC9345C9}"
EndProject
Project("{FAE04EC0-301F-11D3-BF4B-00C04F79EFBC}") = "Xacte.Data.Shared", "Xacte.Data.Shared\Xacte.Data.Shared.csproj", "{D1AA38AD-5F5A-48EB-836D-4B8A8272C5D7}"
EndProject
Project("{FAE04EC0-301F-11D3-BF4B-00C04F79EFBC}") = "Xacte.Data.Model", "Xacte.Data.Model\Xacte.Data.Model.csproj", "{36EB2800-7931-4478-B009-634CC07CC804}"
EndProject
Global
	GlobalSection(SolutionConfigurationPlatforms) = preSolution
		Debug|Any CPU = Debug|Any CPU
		Release|Any CPU = Release|Any CPU
	EndGlobalSection
	GlobalSection(ProjectConfigurationPlatforms) = postSolution
		{5DB15471-F33B-4897-A79A-7FD6359544A8}.Debug|Any CPU.ActiveCfg = Debug|Any CPU
		{5DB15471-F33B-4897-A79A-7FD6359544A8}.Debug|Any CPU.Build.0 = Debug|Any CPU
		{5DB15471-F33B-4897-A79A-7FD6359544A8}.Release|Any CPU.ActiveCfg = Release|Any CPU
		{5DB15471-F33B-4897-A79A-7FD6359544A8}.Release|Any CPU.Build.0 = Release|Any CPU
		{ED139CD0-8A93-4568-8B52-BB0FA2F378BE}.Debug|Any CPU.ActiveCfg = Debug|Any CPU
		{ED139CD0-8A93-4568-8B52-BB0FA2F378BE}.Debug|Any CPU.Build.0 = Debug|Any CPU
		{ED139CD0-8A93-4568-8B52-BB0FA2F378BE}.Release|Any CPU.ActiveCfg = Release|Any CPU
		{ED139CD0-8A93-4568-8B52-BB0FA2F378BE}.Release|Any CPU.Build.0 = Release|Any CPU
		{D296A057-C45C-4C04-886C-3BAD3C16BFCE}.Debug|Any CPU.ActiveCfg = Debug|Any CPU
		{D296A057-C45C-4C04-886C-3BAD3C16BFCE}.Debug|Any CPU.Build.0 = Debug|Any CPU
		{D296A057-C45C-4C04-886C-3BAD3C16BFCE}.Release|Any CPU.ActiveCfg = Release|Any CPU
		{D296A057-C45C-4C04-886C-3BAD3C16BFCE}.Release|Any CPU.Build.0 = Release|Any CPU
		{80074E2B-8CF7-4300-8D39-D2787AB7D40D}.Debug|Any CPU.ActiveCfg = Debug|Any CPU
		{80074E2B-8CF7-4300-8D39-D2787AB7D40D}.Debug|Any CPU.Build.0 = Debug|Any CPU
		{80074E2B-8CF7-4300-8D39-D2787AB7D40D}.Release|Any CPU.ActiveCfg = Release|Any CPU
		{80074E2B-8CF7-4300-8D39-D2787AB7D40D}.Release|Any CPU.Build.0 = Release|Any CPU
		{76791AA7-357A-484C-9E0A-8158DC9345C9}.Debug|Any CPU.ActiveCfg = Debug|Any CPU
		{76791AA7-357A-484C-9E0A-8158DC9345C9}.Debug|Any CPU.Build.0 = Debug|Any CPU
		{76791AA7-357A-484C-9E0A-8158DC9345C9}.Release|Any CPU.ActiveCfg = Release|Any CPU
		{76791AA7-357A-484C-9E0A-8158DC9345C9}.Release|Any CPU.Build.0 = Release|Any CPU
		{D1AA38AD-5F5A-48EB-836D-4B8A8272C5D7}.Debug|Any CPU.ActiveCfg = Debug|Any CPU
		{D1AA38AD-5F5A-48EB-836D-4B8A8272C5D7}.Debug|Any CPU.Build.0 = Debug|Any CPU
		{D1AA38AD-5F5A-48EB-836D-4B8A8272C5D7}.Release|Any CPU.ActiveCfg = Release|Any CPU
		{D1AA38AD-5F5A-48EB-836D-4B8A8272C5D7}.Release|Any CPU.Build.0 = Release|Any CPU
		{36EB2800-7931-4478-B009-634CC07CC804}.Debug|Any CPU.ActiveCfg = Debug|Any CPU
		{36EB2800-7931-4478-B009-634CC07CC804}.Debug|Any CPU.Build.0 = Debug|Any CPU
		{36EB2800-7931-4478-B009-634CC07CC804}.Release|Any CPU.ActiveCfg = Release|Any CPU
		{36EB2800-7931-4478-B009-634CC07CC804}.Release|Any CPU.Build.0 = Release|Any CPU
	EndGlobalSection
	GlobalSection(SolutionProperties) = preSolution
		HideSolutionNode = FALSE
	EndGlobalSection
	GlobalSection(NestedProjects) = preSolution
		{5DB15471-F33B-4897-A79A-7FD6359544A8} = {AB217965-CD15-46CB-8E68-DFE2C84FD1AC}
		{ED139CD0-8A93-4568-8B52-BB0FA2F378BE} = {653A4135-5A6D-4545-9B47-03AD2CDF1BB8}
		{D296A057-C45C-4C04-886C-3BAD3C16BFCE} = {AB217965-CD15-46CB-8E68-DFE2C84FD1AC}
		{80074E2B-8CF7-4300-8D39-D2787AB7D40D} = {555754EA-6EDB-40D7-9E86-CA3DBF879311}
		{76791AA7-357A-484C-9E0A-8158DC9345C9} = {555754EA-6EDB-40D7-9E86-CA3DBF879311}
		{D1AA38AD-5F5A-48EB-836D-4B8A8272C5D7} = {AB217965-CD15-46CB-8E68-DFE2C84FD1AC}
		{36EB2800-7931-4478-B009-634CC07CC804} = {AB217965-CD15-46CB-8E68-DFE2C84FD1AC}
	EndGlobalSection
	GlobalSection(ExtensibilityGlobals) = postSolution
		SolutionGuid = {6486F066-1D1C-4B5C-A13A-B95137A355AA}
	EndGlobalSection
EndGlobal
